{
  "pins" : [
    {
      "identity" : "swift-tools-support-core",
      "kind" : "remoteSourceControl",
      "location" : "https://github.com/swiftlang/swift-tools-support-core",
      "state" : {
        "revision" : "b464fcd8d884e599e3202d9bd1eee29a9e504069",
        "version" : "0.7.2"
      }
    }
  ],
  "version" : 2
}
